# This file is generated by running "yarn install" inside your project.
# Manual changes might be lost - proceed with caution!

__metadata:
  version: 8
  cacheKey: 10c0

"blackbox@workspace:.":
  version: 0.0.0-use.local
  resolution: "blackbox@workspace:."
  dependencies:
    bootstrap: "npm:^5.3.3"
  languageName: unknown
  linkType: soft

"bootstrap@npm:^5.3.3":
  version: 5.3.3
  resolution: "bootstrap@npm:5.3.3"
  peerDependencies:
    "@popperjs/core": ^2.11.8
  checksum: 10c0/bb68ca7b763977b9cce40cb5b8c676ae19a716d2f5d15009fa7bdbcec9dea426968e3cb748fbed7592fbf10edd7c749aea841c2920996a7c1aa5e0a6e2d4c2ad
  languageName: node
  linkType: hard
